// !$*UTF8*$!
{
	archiveVersion = 1;
	classes = {
	};
	objectVersion = 48;
	objects = {

/* Begin PBXBuildFile section */
		041E3CAB1FDBBA970035E3A4 /* UIColorExtension.swift in Sources */ = {isa = PBXBuildFile; fileRef = 041E3CAA1FDBBA970035E3A4 /* UIColorExtension.swift */; };
		041E3CAD1FDBBB590035E3A4 /* NumberExtension.swift in Sources */ = {isa = PBXBuildFile; fileRef = 041E3CAC1FDBBB590035E3A4 /* NumberExtension.swift */; };
		041E3CB01FDBDBD40035E3A4 /* HomeParentViewController.swift in Sources */ = {isa = PBXBuildFile; fileRef = 041E3CAF1FDBDBD40035E3A4 /* HomeParentViewController.swift */; };
		041E3CB21FDBE8DF0035E3A4 /* HotViewController.swift in Sources */ = {isa = PBXBuildFile; fileRef = 041E3CB11FDBE8DF0035E3A4 /* HotViewController.swift */; };
		041E3CB41FDC1B9E0035E3A4 /* HotCollectionViewCell.swift in Sources */ = {isa = PBXBuildFile; fileRef = 041E3CB31FDC1B9E0035E3A4 /* HotCollectionViewCell.swift */; };
		041E3CB91FDD41480035E3A4 /* PlayerViewController.swift in Sources */ = {isa = PBXBuildFile; fileRef = 041E3CB81FDD41480035E3A4 /* PlayerViewController.swift */; };
		0425ADB21FC40F39008165F1 /* PayCourseViewController.swift in Sources */ = {isa = PBXBuildFile; fileRef = 0425ADB11FC40F39008165F1 /* PayCourseViewController.swift */; };
		0425ADB41FC40F44008165F1 /* FreeCourseViewController.swift in Sources */ = {isa = PBXBuildFile; fileRef = 0425ADB31FC40F44008165F1 /* FreeCourseViewController.swift */; };
		04294FCE1FE1573900CB4FCA /* UIImageExtension.swift in Sources */ = {isa = PBXBuildFile; fileRef = 04294FCD1FE1573900CB4FCA /* UIImageExtension.swift */; };
		04297B581FDEB2D10096E928 /* LogInViewController.swift in Sources */ = {isa = PBXBuildFile; fileRef = 04297B571FDEB2D10096E928 /* LogInViewController.swift */; };
		04297B5A1FDEB2DF0096E928 /* SignUpViewController.swift in Sources */ = {isa = PBXBuildFile; fileRef = 04297B591FDEB2DF0096E928 /* SignUpViewController.swift */; };
		04337D9E1FC41888001DBF88 /* PayCategoryCell.swift in Sources */ = {isa = PBXBuildFile; fileRef = 04337D9D1FC41888001DBF88 /* PayCategoryCell.swift */; };
		04402E7A1FCDA2AC00EC95EE /* SettingEditViewController.swift in Sources */ = {isa = PBXBuildFile; fileRef = 04402E791FCDA2AC00EC95EE /* SettingEditViewController.swift */; };
		04402E7D1FCDA2D400EC95EE /* CouponViewController.swift in Sources */ = {isa = PBXBuildFile; fileRef = 04402E7C1FCDA2D400EC95EE /* CouponViewController.swift */; };
		04402E7F1FCDA31A00EC95EE /* PointsCenterViewController.swift in Sources */ = {isa = PBXBuildFile; fileRef = 04402E7E1FCDA31A00EC95EE /* PointsCenterViewController.swift */; };
		04402E811FCDA33000EC95EE /* BecomeLecturerViewController.swift in Sources */ = {isa = PBXBuildFile; fileRef = 04402E801FCDA33000EC95EE /* BecomeLecturerViewController.swift */; };
		04402E831FCDA33E00EC95EE /* SuggestionViewController.swift in Sources */ = {isa = PBXBuildFile; fileRef = 04402E821FCDA33E00EC95EE /* SuggestionViewController.swift */; };
		04402E851FCDA4EA00EC95EE /* PersonalizedViewController.swift in Sources */ = {isa = PBXBuildFile; fileRef = 04402E841FCDA4EA00EC95EE /* PersonalizedViewController.swift */; };
		04402E871FCDA4FB00EC95EE /* AboutViewController.swift in Sources */ = {isa = PBXBuildFile; fileRef = 04402E861FCDA4FB00EC95EE /* AboutViewController.swift */; };
		04402E891FCDA50B00EC95EE /* LawViewController.swift in Sources */ = {isa = PBXBuildFile; fileRef = 04402E881FCDA50B00EC95EE /* LawViewController.swift */; };
		04402E8B1FCDAED100EC95EE /* SettingMainTableViewCell.swift in Sources */ = {isa = PBXBuildFile; fileRef = 04402E8A1FCDAED100EC95EE /* SettingMainTableViewCell.swift */; };
		04445AE51FC6FFB5004D2825 /* CoursesBoughtViewController.swift in Sources */ = {isa = PBXBuildFile; fileRef = 04445AE41FC6FFB5004D2825 /* CoursesBoughtViewController.swift */; };
		04445AE71FC6FFCF004D2825 /* CoursesHeartViewController.swift in Sources */ = {isa = PBXBuildFile; fileRef = 04445AE61FC6FFCF004D2825 /* CoursesHeartViewController.swift */; };
		04445AE91FC7021A004D2825 /* CoursesBoughtTableViewCell.swift in Sources */ = {isa = PBXBuildFile; fileRef = 04445AE81FC7021A004D2825 /* CoursesBoughtTableViewCell.swift */; };
		04445AEB1FC70275004D2825 /* CoursesHeartTableViewCell.swift in Sources */ = {isa = PBXBuildFile; fileRef = 04445AEA1FC70275004D2825 /* CoursesHeartTableViewCell.swift */; };
		04445AED1FC7035C004D2825 /* CoursesViewController.swift in Sources */ = {isa = PBXBuildFile; fileRef = 04445AEC1FC7035C004D2825 /* CoursesViewController.swift */; };
		04445AEF1FC713E7004D2825 /* AudioFilesTableViewCell.swift in Sources */ = {isa = PBXBuildFile; fileRef = 04445AEE1FC713E7004D2825 /* AudioFilesTableViewCell.swift */; };
		04445AF11FC71453004D2825 /* AudioSectionTableViewCell.swift in Sources */ = {isa = PBXBuildFile; fileRef = 04445AF01FC71453004D2825 /* AudioSectionTableViewCell.swift */; };
		044EB21E1FD05DC300CE1EBB /* Appdelegate + GoogleSignIn.m in Sources */ = {isa = PBXBuildFile; fileRef = 044EB21D1FD05DC300CE1EBB /* Appdelegate + GoogleSignIn.m */; };
		044F0B4E1FC46CB600E98E45 /* CourseDetailViewController.swift in Sources */ = {isa = PBXBuildFile; fileRef = 044F0B4D1FC46CB600E98E45 /* CourseDetailViewController.swift */; };
		044F0BC11FC5D7A700E98E45 /* MainTableViewCell.swift in Sources */ = {isa = PBXBuildFile; fileRef = 044F0BC01FC5D7A700E98E45 /* MainTableViewCell.swift */; };
		044F0BC31FC5D7BA00E98E45 /* CourseInfoTableViewCell.swift in Sources */ = {isa = PBXBuildFile; fileRef = 044F0BC21FC5D7BA00E98E45 /* CourseInfoTableViewCell.swift */; };
		044F0BC51FC5D7C600E98E45 /* TeacherInfoTableViewCell.swift in Sources */ = {isa = PBXBuildFile; fileRef = 044F0BC41FC5D7C600E98E45 /* TeacherInfoTableViewCell.swift */; };
		044F0BC71FC5D7E200E98E45 /* CoursesTableViewCell.swift in Sources */ = {isa = PBXBuildFile; fileRef = 044F0BC61FC5D7E200E98E45 /* CoursesTableViewCell.swift */; };
		0468EA1B1FE4D3D600F9460B /* Courses.swift in Sources */ = {isa = PBXBuildFile; fileRef = 0468EA1A1FE4D3D600F9460B /* Courses.swift */; };
		046D9BA01FBD2C1600ECDF07 /* .gitignore in Resources */ = {isa = PBXBuildFile; fileRef = 046D9B9F1FBD2C1600ECDF07 /* .gitignore */; };
		0478E5EF1FC0225700DD0169 /* HomeViewController.swift in Sources */ = {isa = PBXBuildFile; fileRef = 0478E5EE1FC0225700DD0169 /* HomeViewController.swift */; };
		0478E6181FC03D5400DD0169 /* UISegmentedControlExtension.swift in Sources */ = {isa = PBXBuildFile; fileRef = 0478E6171FC03D5400DD0169 /* UISegmentedControlExtension.swift */; };
		0478E61D1FC1726F00DD0169 /* PayCollectionViewCell.swift in Sources */ = {isa = PBXBuildFile; fileRef = 0478E61C1FC1726F00DD0169 /* PayCollectionViewCell.swift */; };
		0478E61F1FC1745600DD0169 /* UIImageViewExtension.swift in Sources */ = {isa = PBXBuildFile; fileRef = 0478E61E1FC1745600DD0169 /* UIImageViewExtension.swift */; };
		047B1D221FE6AA7300853740 /* AudioListViewController.swift in Sources */ = {isa = PBXBuildFile; fileRef = 047B1D211FE6AA7300853740 /* AudioListViewController.swift */; };
		047B1D241FE6AB1000853740 /* AudioListTableViewCell.swift in Sources */ = {isa = PBXBuildFile; fileRef = 047B1D231FE6AB1000853740 /* AudioListTableViewCell.swift */; };
		048D0D361FD1B209002A2E93 /* IAPService.swift in Sources */ = {isa = PBXBuildFile; fileRef = 048D0D351FD1B209002A2E93 /* IAPService.swift */; };
		048D0D381FD1B276002A2E93 /* IAPProduct.swift in Sources */ = {isa = PBXBuildFile; fileRef = 048D0D371FD1B276002A2E93 /* IAPProduct.swift */; };
		048D0D3A1FD1B419002A2E93 /* PurchaseMainViewController.swift in Sources */ = {isa = PBXBuildFile; fileRef = 048D0D391FD1B419002A2E93 /* PurchaseMainViewController.swift */; };
		04BE920A1FB1583900A35523 /* AppDelegate.swift in Sources */ = {isa = PBXBuildFile; fileRef = 04BE92091FB1583900A35523 /* AppDelegate.swift */; };
		04BE920F1FB1583900A35523 /* Main.storyboard in Resources */ = {isa = PBXBuildFile; fileRef = 04BE920D1FB1583900A35523 /* Main.storyboard */; };
		04BE92121FB1583900A35523 /* talkTek.xcdatamodeld in Sources */ = {isa = PBXBuildFile; fileRef = 04BE92101FB1583900A35523 /* talkTek.xcdatamodeld */; };
		04BE92141FB1583900A35523 /* Assets.xcassets in Resources */ = {isa = PBXBuildFile; fileRef = 04BE92131FB1583900A35523 /* Assets.xcassets */; };
		04BE92171FB1583900A35523 /* LaunchScreen.storyboard in Resources */ = {isa = PBXBuildFile; fileRef = 04BE92151FB1583900A35523 /* LaunchScreen.storyboard */; };
		04BE92221FB1583900A35523 /* talkTekTests.swift in Sources */ = {isa = PBXBuildFile; fileRef = 04BE92211FB1583900A35523 /* talkTekTests.swift */; };
		04BE922D1FB1583A00A35523 /* talkTekUITests.swift in Sources */ = {isa = PBXBuildFile; fileRef = 04BE922C1FB1583900A35523 /* talkTekUITests.swift */; };
		04C40F0A1FB167ED0032912C /* GoogleService-Info.plist in Resources */ = {isa = PBXBuildFile; fileRef = 04C40F091FB167EC0032912C /* GoogleService-Info.plist */; };
		04CE1F931FD02990008E1D75 /* MainLogInViewController.swift in Sources */ = {isa = PBXBuildFile; fileRef = 04CE1F921FD02990008E1D75 /* MainLogInViewController.swift */; };
		04CFAF381FDECC1E00A94EF6 /* ForgotPasswordViewController.swift in Sources */ = {isa = PBXBuildFile; fileRef = 04CFAF371FDECC1D00A94EF6 /* ForgotPasswordViewController.swift */; };
		04D06AEB1FCA94FF00E1702F /* SettingViewController.swift in Sources */ = {isa = PBXBuildFile; fileRef = 04D06AEA1FCA94FF00E1702F /* SettingViewController.swift */; };
		04E1004B1FD311270007D4E3 /* Setting.swift in Sources */ = {isa = PBXBuildFile; fileRef = 04E1004A1FD311270007D4E3 /* Setting.swift */; };
		04E1004D1FD3EF0A0007D4E3 /* Home.swift in Sources */ = {isa = PBXBuildFile; fileRef = 04E1004C1FD3EF0A0007D4E3 /* Home.swift */; };
		61C5FFDBF2014F857E80DE4B /* Pods_talkTek.framework in Frameworks */ = {isa = PBXBuildFile; fileRef = 0777E54F7301F178A78F49CD /* Pods_talkTek.framework */; };
		B050BB17519EA10061B5D798 /* Pods_talkTekTests.framework in Frameworks */ = {isa = PBXBuildFile; fileRef = 77462AE389C145A21E1A0479 /* Pods_talkTekTests.framework */; };
		BC65C99C17C2697082B2A556 /* Pods_talkTekUITests.framework in Frameworks */ = {isa = PBXBuildFile; fileRef = 1A949C55F5F6CDD655153DDD /* Pods_talkTekUITests.framework */; };
/* End PBXBuildFile section */

/* Begin PBXContainerItemProxy section */
		04BE921E1FB1583900A35523 /* PBXContainerItemProxy */ = {
			isa = PBXContainerItemProxy;
			containerPortal = 04BE91FE1FB1583900A35523 /* Project object */;
			proxyType = 1;
			remoteGlobalIDString = 04BE92051FB1583900A35523;
			remoteInfo = talkTek;
		};
		04BE92291FB1583900A35523 /* PBXContainerItemProxy */ = {
			isa = PBXContainerItemProxy;
			containerPortal = 04BE91FE1FB1583900A35523 /* Project object */;
			proxyType = 1;
			remoteGlobalIDString = 04BE92051FB1583900A35523;
			remoteInfo = talkTek;
		};
/* End PBXContainerItemProxy section */

/* Begin PBXFileReference section */
		041E3CAA1FDBBA970035E3A4 /* UIColorExtension.swift */ = {isa = PBXFileReference; lastKnownFileType = sourcecode.swift; path = UIColorExtension.swift; sourceTree = "<group>"; };
		041E3CAC1FDBBB590035E3A4 /* NumberExtension.swift */ = {isa = PBXFileReference; lastKnownFileType = sourcecode.swift; path = NumberExtension.swift; sourceTree = "<group>"; };
		041E3CAF1FDBDBD40035E3A4 /* HomeParentViewController.swift */ = {isa = PBXFileReference; lastKnownFileType = sourcecode.swift; path = HomeParentViewController.swift; sourceTree = "<group>"; };
		041E3CB11FDBE8DF0035E3A4 /* HotViewController.swift */ = {isa = PBXFileReference; lastKnownFileType = sourcecode.swift; path = HotViewController.swift; sourceTree = "<group>"; };
		041E3CB31FDC1B9E0035E3A4 /* HotCollectionViewCell.swift */ = {isa = PBXFileReference; lastKnownFileType = sourcecode.swift; path = HotCollectionViewCell.swift; sourceTree = "<group>"; };
		041E3CB81FDD41480035E3A4 /* PlayerViewController.swift */ = {isa = PBXFileReference; lastKnownFileType = sourcecode.swift; path = PlayerViewController.swift; sourceTree = "<group>"; };
		0425ADB11FC40F39008165F1 /* PayCourseViewController.swift */ = {isa = PBXFileReference; lastKnownFileType = sourcecode.swift; path = PayCourseViewController.swift; sourceTree = "<group>"; };
		0425ADB31FC40F44008165F1 /* FreeCourseViewController.swift */ = {isa = PBXFileReference; lastKnownFileType = sourcecode.swift; path = FreeCourseViewController.swift; sourceTree = "<group>"; };
		04294FCD1FE1573900CB4FCA /* UIImageExtension.swift */ = {isa = PBXFileReference; lastKnownFileType = sourcecode.swift; path = UIImageExtension.swift; sourceTree = "<group>"; };
		04297B571FDEB2D10096E928 /* LogInViewController.swift */ = {isa = PBXFileReference; lastKnownFileType = sourcecode.swift; path = LogInViewController.swift; sourceTree = "<group>"; };
		04297B591FDEB2DF0096E928 /* SignUpViewController.swift */ = {isa = PBXFileReference; lastKnownFileType = sourcecode.swift; path = SignUpViewController.swift; sourceTree = "<group>"; };
		04337D9D1FC41888001DBF88 /* PayCategoryCell.swift */ = {isa = PBXFileReference; lastKnownFileType = sourcecode.swift; path = PayCategoryCell.swift; sourceTree = "<group>"; };
		04402E791FCDA2AC00EC95EE /* SettingEditViewController.swift */ = {isa = PBXFileReference; lastKnownFileType = sourcecode.swift; path = SettingEditViewController.swift; sourceTree = "<group>"; };
		04402E7C1FCDA2D400EC95EE /* CouponViewController.swift */ = {isa = PBXFileReference; lastKnownFileType = sourcecode.swift; path = CouponViewController.swift; sourceTree = "<group>"; };
		04402E7E1FCDA31A00EC95EE /* PointsCenterViewController.swift */ = {isa = PBXFileReference; lastKnownFileType = sourcecode.swift; path = PointsCenterViewController.swift; sourceTree = "<group>"; };
		04402E801FCDA33000EC95EE /* BecomeLecturerViewController.swift */ = {isa = PBXFileReference; lastKnownFileType = sourcecode.swift; path = BecomeLecturerViewController.swift; sourceTree = "<group>"; };
		04402E821FCDA33E00EC95EE /* SuggestionViewController.swift */ = {isa = PBXFileReference; lastKnownFileType = sourcecode.swift; path = SuggestionViewController.swift; sourceTree = "<group>"; };
		04402E841FCDA4EA00EC95EE /* PersonalizedViewController.swift */ = {isa = PBXFileReference; lastKnownFileType = sourcecode.swift; path = PersonalizedViewController.swift; sourceTree = "<group>"; };
		04402E861FCDA4FB00EC95EE /* AboutViewController.swift */ = {isa = PBXFileReference; lastKnownFileType = sourcecode.swift; path = AboutViewController.swift; sourceTree = "<group>"; };
		04402E881FCDA50B00EC95EE /* LawViewController.swift */ = {isa = PBXFileReference; lastKnownFileType = sourcecode.swift; path = LawViewController.swift; sourceTree = "<group>"; };
		04402E8A1FCDAED100EC95EE /* SettingMainTableViewCell.swift */ = {isa = PBXFileReference; lastKnownFileType = sourcecode.swift; path = SettingMainTableViewCell.swift; sourceTree = "<group>"; };
		04445AE41FC6FFB5004D2825 /* CoursesBoughtViewController.swift */ = {isa = PBXFileReference; lastKnownFileType = sourcecode.swift; path = CoursesBoughtViewController.swift; sourceTree = "<group>"; };
		04445AE61FC6FFCF004D2825 /* CoursesHeartViewController.swift */ = {isa = PBXFileReference; lastKnownFileType = sourcecode.swift; path = CoursesHeartViewController.swift; sourceTree = "<group>"; };
		04445AE81FC7021A004D2825 /* CoursesBoughtTableViewCell.swift */ = {isa = PBXFileReference; lastKnownFileType = sourcecode.swift; path = CoursesBoughtTableViewCell.swift; sourceTree = "<group>"; };
		04445AEA1FC70275004D2825 /* CoursesHeartTableViewCell.swift */ = {isa = PBXFileReference; lastKnownFileType = sourcecode.swift; path = CoursesHeartTableViewCell.swift; sourceTree = "<group>"; };
		04445AEC1FC7035C004D2825 /* CoursesViewController.swift */ = {isa = PBXFileReference; lastKnownFileType = sourcecode.swift; path = CoursesViewController.swift; sourceTree = "<group>"; };
		04445AEE1FC713E7004D2825 /* AudioFilesTableViewCell.swift */ = {isa = PBXFileReference; lastKnownFileType = sourcecode.swift; path = AudioFilesTableViewCell.swift; sourceTree = "<group>"; };
		04445AF01FC71453004D2825 /* AudioSectionTableViewCell.swift */ = {isa = PBXFileReference; lastKnownFileType = sourcecode.swift; path = AudioSectionTableViewCell.swift; sourceTree = "<group>"; };
		044EB21C1FD05DC300CE1EBB /* talkTek-Bridging-Header.h */ = {isa = PBXFileReference; lastKnownFileType = sourcecode.c.h; path = "talkTek-Bridging-Header.h"; sourceTree = "<group>"; };
		044EB21D1FD05DC300CE1EBB /* Appdelegate + GoogleSignIn.m */ = {isa = PBXFileReference; lastKnownFileType = sourcecode.c.objc; path = "Appdelegate + GoogleSignIn.m"; sourceTree = "<group>"; };
		044F0B4D1FC46CB600E98E45 /* CourseDetailViewController.swift */ = {isa = PBXFileReference; lastKnownFileType = sourcecode.swift; path = CourseDetailViewController.swift; sourceTree = "<group>"; };
		044F0BC01FC5D7A700E98E45 /* MainTableViewCell.swift */ = {isa = PBXFileReference; lastKnownFileType = sourcecode.swift; path = MainTableViewCell.swift; sourceTree = "<group>"; };
		044F0BC21FC5D7BA00E98E45 /* CourseInfoTableViewCell.swift */ = {isa = PBXFileReference; lastKnownFileType = sourcecode.swift; path = CourseInfoTableViewCell.swift; sourceTree = "<group>"; };
		044F0BC41FC5D7C600E98E45 /* TeacherInfoTableViewCell.swift */ = {isa = PBXFileReference; lastKnownFileType = sourcecode.swift; path = TeacherInfoTableViewCell.swift; sourceTree = "<group>"; };
		044F0BC61FC5D7E200E98E45 /* CoursesTableViewCell.swift */ = {isa = PBXFileReference; lastKnownFileType = sourcecode.swift; path = CoursesTableViewCell.swift; sourceTree = "<group>"; };
		0468EA1A1FE4D3D600F9460B /* Courses.swift */ = {isa = PBXFileReference; lastKnownFileType = sourcecode.swift; path = Courses.swift; sourceTree = "<group>"; };
		046D9B9F1FBD2C1600ECDF07 /* .gitignore */ = {isa = PBXFileReference; lastKnownFileType = text; path = .gitignore; sourceTree = "<group>"; };
		0478E5EE1FC0225700DD0169 /* HomeViewController.swift */ = {isa = PBXFileReference; lastKnownFileType = sourcecode.swift; path = HomeViewController.swift; sourceTree = "<group>"; };
		0478E6171FC03D5400DD0169 /* UISegmentedControlExtension.swift */ = {isa = PBXFileReference; lastKnownFileType = sourcecode.swift; path = UISegmentedControlExtension.swift; sourceTree = "<group>"; };
		0478E61C1FC1726F00DD0169 /* PayCollectionViewCell.swift */ = {isa = PBXFileReference; lastKnownFileType = sourcecode.swift; path = PayCollectionViewCell.swift; sourceTree = "<group>"; };
		0478E61E1FC1745600DD0169 /* UIImageViewExtension.swift */ = {isa = PBXFileReference; lastKnownFileType = sourcecode.swift; name = UIImageViewExtension.swift; path = talkTek/View/UIImageViewExtension.swift; sourceTree = SOURCE_ROOT; };
		047B1D211FE6AA7300853740 /* AudioListViewController.swift */ = {isa = PBXFileReference; lastKnownFileType = sourcecode.swift; path = AudioListViewController.swift; sourceTree = "<group>"; };
		047B1D231FE6AB1000853740 /* AudioListTableViewCell.swift */ = {isa = PBXFileReference; lastKnownFileType = sourcecode.swift; path = AudioListTableViewCell.swift; sourceTree = "<group>"; };
		048D0D331FD1AE4E002A2E93 /* talkTek.entitlements */ = {isa = PBXFileReference; lastKnownFileType = text.plist.entitlements; path = talkTek.entitlements; sourceTree = "<group>"; };
		048D0D351FD1B209002A2E93 /* IAPService.swift */ = {isa = PBXFileReference; lastKnownFileType = sourcecode.swift; path = IAPService.swift; sourceTree = "<group>"; };
		048D0D371FD1B276002A2E93 /* IAPProduct.swift */ = {isa = PBXFileReference; lastKnownFileType = sourcecode.swift; path = IAPProduct.swift; sourceTree = "<group>"; };
		048D0D391FD1B419002A2E93 /* PurchaseMainViewController.swift */ = {isa = PBXFileReference; lastKnownFileType = sourcecode.swift; path = PurchaseMainViewController.swift; sourceTree = "<group>"; };
		04BE92061FB1583900A35523 /* talkTek.app */ = {isa = PBXFileReference; explicitFileType = wrapper.application; includeInIndex = 0; path = talkTek.app; sourceTree = BUILT_PRODUCTS_DIR; };
		04BE92091FB1583900A35523 /* AppDelegate.swift */ = {isa = PBXFileReference; lastKnownFileType = sourcecode.swift; path = AppDelegate.swift; sourceTree = "<group>"; };
		04BE920E1FB1583900A35523 /* Base */ = {isa = PBXFileReference; lastKnownFileType = file.storyboard; name = Base; path = Base.lproj/Main.storyboard; sourceTree = "<group>"; };
		04BE92111FB1583900A35523 /* talkTek.xcdatamodel */ = {isa = PBXFileReference; lastKnownFileType = wrapper.xcdatamodel; path = talkTek.xcdatamodel; sourceTree = "<group>"; };
		04BE92131FB1583900A35523 /* Assets.xcassets */ = {isa = PBXFileReference; lastKnownFileType = folder.assetcatalog; path = Assets.xcassets; sourceTree = "<group>"; };
		04BE92161FB1583900A35523 /* Base */ = {isa = PBXFileReference; lastKnownFileType = file.storyboard; name = Base; path = Base.lproj/LaunchScreen.storyboard; sourceTree = "<group>"; };
		04BE92181FB1583900A35523 /* Info.plist */ = {isa = PBXFileReference; lastKnownFileType = text.plist.xml; path = Info.plist; sourceTree = "<group>"; };
		04BE921D1FB1583900A35523 /* talkTekTests.xctest */ = {isa = PBXFileReference; explicitFileType = wrapper.cfbundle; includeInIndex = 0; path = talkTekTests.xctest; sourceTree = BUILT_PRODUCTS_DIR; };
		04BE92211FB1583900A35523 /* talkTekTests.swift */ = {isa = PBXFileReference; lastKnownFileType = sourcecode.swift; path = talkTekTests.swift; sourceTree = "<group>"; };
		04BE92231FB1583900A35523 /* Info.plist */ = {isa = PBXFileReference; lastKnownFileType = text.plist.xml; path = Info.plist; sourceTree = "<group>"; };
		04BE92281FB1583900A35523 /* talkTekUITests.xctest */ = {isa = PBXFileReference; explicitFileType = wrapper.cfbundle; includeInIndex = 0; path = talkTekUITests.xctest; sourceTree = BUILT_PRODUCTS_DIR; };
		04BE922C1FB1583900A35523 /* talkTekUITests.swift */ = {isa = PBXFileReference; lastKnownFileType = sourcecode.swift; path = talkTekUITests.swift; sourceTree = "<group>"; };
		04BE922E1FB1583A00A35523 /* Info.plist */ = {isa = PBXFileReference; lastKnownFileType = text.plist.xml; path = Info.plist; sourceTree = "<group>"; };
		04C40F091FB167EC0032912C /* GoogleService-Info.plist */ = {isa = PBXFileReference; fileEncoding = 4; lastKnownFileType = text.plist.xml; path = "GoogleService-Info.plist"; sourceTree = "<group>"; };
		04CE1F921FD02990008E1D75 /* MainLogInViewController.swift */ = {isa = PBXFileReference; lastKnownFileType = sourcecode.swift; path = MainLogInViewController.swift; sourceTree = "<group>"; };
		04CFAF371FDECC1D00A94EF6 /* ForgotPasswordViewController.swift */ = {isa = PBXFileReference; fileEncoding = 4; lastKnownFileType = sourcecode.swift; path = ForgotPasswordViewController.swift; sourceTree = "<group>"; };
		04D06AEA1FCA94FF00E1702F /* SettingViewController.swift */ = {isa = PBXFileReference; lastKnownFileType = sourcecode.swift; path = SettingViewController.swift; sourceTree = "<group>"; };
		04E1004A1FD311270007D4E3 /* Setting.swift */ = {isa = PBXFileReference; lastKnownFileType = sourcecode.swift; path = Setting.swift; sourceTree = "<group>"; };
		04E1004C1FD3EF0A0007D4E3 /* Home.swift */ = {isa = PBXFileReference; lastKnownFileType = sourcecode.swift; path = Home.swift; sourceTree = "<group>"; };
		0777E54F7301F178A78F49CD /* Pods_talkTek.framework */ = {isa = PBXFileReference; explicitFileType = wrapper.framework; includeInIndex = 0; path = Pods_talkTek.framework; sourceTree = BUILT_PRODUCTS_DIR; };
		1A949C55F5F6CDD655153DDD /* Pods_talkTekUITests.framework */ = {isa = PBXFileReference; explicitFileType = wrapper.framework; includeInIndex = 0; path = Pods_talkTekUITests.framework; sourceTree = BUILT_PRODUCTS_DIR; };
		256E2B690F6191AA47E176C5 /* Pods-talkTekTests.release.xcconfig */ = {isa = PBXFileReference; includeInIndex = 1; lastKnownFileType = text.xcconfig; name = "Pods-talkTekTests.release.xcconfig"; path = "Pods/Target Support Files/Pods-talkTekTests/Pods-talkTekTests.release.xcconfig"; sourceTree = "<group>"; };
		5A93F75103A64BCA51FBD5D1 /* Pods-talkTekUITests.debug.xcconfig */ = {isa = PBXFileReference; includeInIndex = 1; lastKnownFileType = text.xcconfig; name = "Pods-talkTekUITests.debug.xcconfig"; path = "Pods/Target Support Files/Pods-talkTekUITests/Pods-talkTekUITests.debug.xcconfig"; sourceTree = "<group>"; };
		5C0F768EEA965821B02376D5 /* Pods-talkTekUITests.release.xcconfig */ = {isa = PBXFileReference; includeInIndex = 1; lastKnownFileType = text.xcconfig; name = "Pods-talkTekUITests.release.xcconfig"; path = "Pods/Target Support Files/Pods-talkTekUITests/Pods-talkTekUITests.release.xcconfig"; sourceTree = "<group>"; };
		77462AE389C145A21E1A0479 /* Pods_talkTekTests.framework */ = {isa = PBXFileReference; explicitFileType = wrapper.framework; includeInIndex = 0; path = Pods_talkTekTests.framework; sourceTree = BUILT_PRODUCTS_DIR; };
		7D46998E4577BE8B8D2DB676 /* Pods-talkTekTests.debug.xcconfig */ = {isa = PBXFileReference; includeInIndex = 1; lastKnownFileType = text.xcconfig; name = "Pods-talkTekTests.debug.xcconfig"; path = "Pods/Target Support Files/Pods-talkTekTests/Pods-talkTekTests.debug.xcconfig"; sourceTree = "<group>"; };
		9DB2051EA337037B25D69905 /* Pods-talkTek.release.xcconfig */ = {isa = PBXFileReference; includeInIndex = 1; lastKnownFileType = text.xcconfig; name = "Pods-talkTek.release.xcconfig"; path = "Pods/Target Support Files/Pods-talkTek/Pods-talkTek.release.xcconfig"; sourceTree = "<group>"; };
		E89B2066A49260620FFE3C18 /* Pods-talkTek.debug.xcconfig */ = {isa = PBXFileReference; includeInIndex = 1; lastKnownFileType = text.xcconfig; name = "Pods-talkTek.debug.xcconfig"; path = "Pods/Target Support Files/Pods-talkTek/Pods-talkTek.debug.xcconfig"; sourceTree = "<group>"; };
/* End PBXFileReference section */

/* Begin PBXFrameworksBuildPhase section */
		04BE92031FB1583900A35523 /* Frameworks */ = {
			isa = PBXFrameworksBuildPhase;
			buildActionMask = 2147483647;
			files = (
				61C5FFDBF2014F857E80DE4B /* Pods_talkTek.framework in Frameworks */,
			);
			runOnlyForDeploymentPostprocessing = 0;
		};
		04BE921A1FB1583900A35523 /* Frameworks */ = {
			isa = PBXFrameworksBuildPhase;
			buildActionMask = 2147483647;
			files = (
				B050BB17519EA10061B5D798 /* Pods_talkTekTests.framework in Frameworks */,
			);
			runOnlyForDeploymentPostprocessing = 0;
		};
		04BE92251FB1583900A35523 /* Frameworks */ = {
			isa = PBXFrameworksBuildPhase;
			buildActionMask = 2147483647;
			files = (
				BC65C99C17C2697082B2A556 /* Pods_talkTekUITests.framework in Frameworks */,
			);
			runOnlyForDeploymentPostprocessing = 0;
		};
/* End PBXFrameworksBuildPhase section */

/* Begin PBXGroup section */
		041E3CAE1FDBD7120035E3A4 /* Pay and Free */ = {
			isa = PBXGroup;
			children = (
				0478E5EE1FC0225700DD0169 /* HomeViewController.swift */,
				0425ADB11FC40F39008165F1 /* PayCourseViewController.swift */,
				0425ADB31FC40F44008165F1 /* FreeCourseViewController.swift */,
			);
			path = "Pay and Free";
			sourceTree = "<group>";
		};
		041E3CB51FDC1BB30035E3A4 /* Pay and Free */ = {
			isa = PBXGroup;
			children = (
				0478E61C1FC1726F00DD0169 /* PayCollectionViewCell.swift */,
				04337D9D1FC41888001DBF88 /* PayCategoryCell.swift */,
			);
			path = "Pay and Free";
			sourceTree = "<group>";
		};
		0425ADA61FC2FE4B008165F1 /* Model */ = {
			isa = PBXGroup;
			children = (
				04E1004C1FD3EF0A0007D4E3 /* Home.swift */,
				0468EA1A1FE4D3D600F9460B /* Courses.swift */,
				04E1004A1FD311270007D4E3 /* Setting.swift */,
			);
			path = Model;
			sourceTree = "<group>";
		};
		04402E7B1FCDA2BF00EC95EE /* Setting */ = {
			isa = PBXGroup;
			children = (
				04CFAF361FDECA6500A94EF6 /* LogIn */,
				04D06AEA1FCA94FF00E1702F /* SettingViewController.swift */,
				04402E791FCDA2AC00EC95EE /* SettingEditViewController.swift */,
				04402E7E1FCDA31A00EC95EE /* PointsCenterViewController.swift */,
				048D0D391FD1B419002A2E93 /* PurchaseMainViewController.swift */,
				04402E801FCDA33000EC95EE /* BecomeLecturerViewController.swift */,
				04402E821FCDA33E00EC95EE /* SuggestionViewController.swift */,
				04402E7C1FCDA2D400EC95EE /* CouponViewController.swift */,
				04402E841FCDA4EA00EC95EE /* PersonalizedViewController.swift */,
				04402E861FCDA4FB00EC95EE /* AboutViewController.swift */,
				04402E881FCDA50B00EC95EE /* LawViewController.swift */,
			);
			path = Setting;
			sourceTree = "<group>";
		};
		04402E8C1FCDAF1F00EC95EE /* CourseDetail */ = {
			isa = PBXGroup;
			children = (
				044F0BC21FC5D7BA00E98E45 /* CourseInfoTableViewCell.swift */,
				044F0BC41FC5D7C600E98E45 /* TeacherInfoTableViewCell.swift */,
				044F0BC61FC5D7E200E98E45 /* CoursesTableViewCell.swift */,
				04445AF01FC71453004D2825 /* AudioSectionTableViewCell.swift */,
				04445AEE1FC713E7004D2825 /* AudioFilesTableViewCell.swift */,
			);
			path = CourseDetail;
			sourceTree = "<group>";
		};
		04402E8E1FCDB02500EC95EE /* Courses */ = {
			isa = PBXGroup;
			children = (
				04445AEC1FC7035C004D2825 /* CoursesViewController.swift */,
				04445AE41FC6FFB5004D2825 /* CoursesBoughtViewController.swift */,
				04445AE61FC6FFCF004D2825 /* CoursesHeartViewController.swift */,
			);
			path = Courses;
			sourceTree = "<group>";
		};
		04402E8F1FCDB03200EC95EE /* Home */ = {
			isa = PBXGroup;
			children = (
				041E3CAF1FDBDBD40035E3A4 /* HomeParentViewController.swift */,
				041E3CB11FDBE8DF0035E3A4 /* HotViewController.swift */,
				044F0B4D1FC46CB600E98E45 /* CourseDetailViewController.swift */,
				041E3CAE1FDBD7120035E3A4 /* Pay and Free */,
			);
			path = Home;
			sourceTree = "<group>";
		};
		0478E5EC1FC0217300DD0169 /* Supporting File */ = {
			isa = PBXGroup;
			children = (
				0478E5F01FC0320400DD0169 /* Extensions */,
				04BE92091FB1583900A35523 /* AppDelegate.swift */,
				04BE92131FB1583900A35523 /* Assets.xcassets */,
				04BE92151FB1583900A35523 /* LaunchScreen.storyboard */,
				04C40F091FB167EC0032912C /* GoogleService-Info.plist */,
			);
			path = "Supporting File";
			sourceTree = "<group>";
		};
		0478E5ED1FC0224000DD0169 /* Controller */ = {
			isa = PBXGroup;
			children = (
				04402E8F1FCDB03200EC95EE /* Home */,
				04402E8E1FCDB02500EC95EE /* Courses */,
				04402E7B1FCDA2BF00EC95EE /* Setting */,
				047B1D211FE6AA7300853740 /* AudioListViewController.swift */,
				041E3CB81FDD41480035E3A4 /* PlayerViewController.swift */,
			);
			path = Controller;
			sourceTree = "<group>";
		};
		0478E5F01FC0320400DD0169 /* Extensions */ = {
			isa = PBXGroup;
			children = (
				041E3CAC1FDBBB590035E3A4 /* NumberExtension.swift */,
				041E3CAA1FDBBA970035E3A4 /* UIColorExtension.swift */,
				0478E6171FC03D5400DD0169 /* UISegmentedControlExtension.swift */,
				0478E61E1FC1745600DD0169 /* UIImageViewExtension.swift */,
				04294FCD1FE1573900CB4FCA /* UIImageExtension.swift */,
				044EB21D1FD05DC300CE1EBB /* Appdelegate + GoogleSignIn.m */,
				044EB21C1FD05DC300CE1EBB /* talkTek-Bridging-Header.h */,
			);
			path = Extensions;
			sourceTree = "<group>";
		};
		0478E61B1FC1712B00DD0169 /* View */ = {
			isa = PBXGroup;
			children = (
				041E3CB51FDC1BB30035E3A4 /* Pay and Free */,
				041E3CB31FDC1B9E0035E3A4 /* HotCollectionViewCell.swift */,
				044F0BC01FC5D7A700E98E45 /* MainTableViewCell.swift */,
				04402E8C1FCDAF1F00EC95EE /* CourseDetail */,
				04445AE81FC7021A004D2825 /* CoursesBoughtTableViewCell.swift */,
				04445AEA1FC70275004D2825 /* CoursesHeartTableViewCell.swift */,
				04402E8A1FCDAED100EC95EE /* SettingMainTableViewCell.swift */,
				047B1D231FE6AB1000853740 /* AudioListTableViewCell.swift */,
			);
			path = View;
			sourceTree = "<group>";
		};
		048D0D341FD1B1EC002A2E93 /* Others */ = {
			isa = PBXGroup;
			children = (
				048D0D351FD1B209002A2E93 /* IAPService.swift */,
				048D0D371FD1B276002A2E93 /* IAPProduct.swift */,
			);
			path = Others;
			sourceTree = "<group>";
		};
		04BE91FD1FB1583900A35523 = {
			isa = PBXGroup;
			children = (
				046D9B9F1FBD2C1600ECDF07 /* .gitignore */,
				04BE92081FB1583900A35523 /* talkTek */,
				04BE92201FB1583900A35523 /* talkTekTests */,
				04BE922B1FB1583900A35523 /* talkTekUITests */,
				04BE92071FB1583900A35523 /* Products */,
				4636A252B7A8A6FADCA14B60 /* Pods */,
				E5B8E35493391EBF73AF0773 /* Frameworks */,
			);
			sourceTree = "<group>";
		};
		04BE92071FB1583900A35523 /* Products */ = {
			isa = PBXGroup;
			children = (
				04BE92061FB1583900A35523 /* talkTek.app */,
				04BE921D1FB1583900A35523 /* talkTekTests.xctest */,
				04BE92281FB1583900A35523 /* talkTekUITests.xctest */,
			);
			name = Products;
			sourceTree = "<group>";
		};
		04BE92081FB1583900A35523 /* talkTek */ = {
			isa = PBXGroup;
			children = (
				048D0D331FD1AE4E002A2E93 /* talkTek.entitlements */,
				0478E5EC1FC0217300DD0169 /* Supporting File */,
				04BE92101FB1583900A35523 /* talkTek.xcdatamodeld */,
				04BE92181FB1583900A35523 /* Info.plist */,
				04BE920D1FB1583900A35523 /* Main.storyboard */,
				048D0D341FD1B1EC002A2E93 /* Others */,
				0425ADA61FC2FE4B008165F1 /* Model */,
				0478E61B1FC1712B00DD0169 /* View */,
				0478E5ED1FC0224000DD0169 /* Controller */,
			);
			path = talkTek;
			sourceTree = "<group>";
		};
		04BE92201FB1583900A35523 /* talkTekTests */ = {
			isa = PBXGroup;
			children = (
				04BE92211FB1583900A35523 /* talkTekTests.swift */,
				04BE92231FB1583900A35523 /* Info.plist */,
			);
			path = talkTekTests;
			sourceTree = "<group>";
		};
		04BE922B1FB1583900A35523 /* talkTekUITests */ = {
			isa = PBXGroup;
			children = (
				04BE922C1FB1583900A35523 /* talkTekUITests.swift */,
				04BE922E1FB1583A00A35523 /* Info.plist */,
			);
			path = talkTekUITests;
			sourceTree = "<group>";
		};
		04CFAF361FDECA6500A94EF6 /* LogIn */ = {
			isa = PBXGroup;
			children = (
				04CE1F921FD02990008E1D75 /* MainLogInViewController.swift */,
				04297B571FDEB2D10096E928 /* LogInViewController.swift */,
				04297B591FDEB2DF0096E928 /* SignUpViewController.swift */,
				04CFAF371FDECC1D00A94EF6 /* ForgotPasswordViewController.swift */,
			);
			path = LogIn;
			sourceTree = "<group>";
		};
		4636A252B7A8A6FADCA14B60 /* Pods */ = {
			isa = PBXGroup;
			children = (
				E89B2066A49260620FFE3C18 /* Pods-talkTek.debug.xcconfig */,
				9DB2051EA337037B25D69905 /* Pods-talkTek.release.xcconfig */,
				7D46998E4577BE8B8D2DB676 /* Pods-talkTekTests.debug.xcconfig */,
				256E2B690F6191AA47E176C5 /* Pods-talkTekTests.release.xcconfig */,
				5A93F75103A64BCA51FBD5D1 /* Pods-talkTekUITests.debug.xcconfig */,
				5C0F768EEA965821B02376D5 /* Pods-talkTekUITests.release.xcconfig */,
			);
			name = Pods;
			sourceTree = "<group>";
		};
		E5B8E35493391EBF73AF0773 /* Frameworks */ = {
			isa = PBXGroup;
			children = (
				0777E54F7301F178A78F49CD /* Pods_talkTek.framework */,
				77462AE389C145A21E1A0479 /* Pods_talkTekTests.framework */,
				1A949C55F5F6CDD655153DDD /* Pods_talkTekUITests.framework */,
			);
			name = Frameworks;
			sourceTree = "<group>";
		};
/* End PBXGroup section */

/* Begin PBXNativeTarget section */
		04BE92051FB1583900A35523 /* talkTek */ = {
			isa = PBXNativeTarget;
			buildConfigurationList = 04BE92311FB1583A00A35523 /* Build configuration list for PBXNativeTarget "talkTek" */;
			buildPhases = (
				CA53FEE2CA4A96F328DD09A8 /* [CP] Check Pods Manifest.lock */,
				04BE92021FB1583900A35523 /* Sources */,
				04BE92031FB1583900A35523 /* Frameworks */,
				04BE92041FB1583900A35523 /* Resources */,
				16DC4837A6A99C2BF6D49763 /* [CP] Embed Pods Frameworks */,
				983B480015B37200C745FDF3 /* [CP] Copy Pods Resources */,
			);
			buildRules = (
			);
			dependencies = (
			);
			name = talkTek;
			productName = talkTek;
			productReference = 04BE92061FB1583900A35523 /* talkTek.app */;
			productType = "com.apple.product-type.application";
		};
		04BE921C1FB1583900A35523 /* talkTekTests */ = {
			isa = PBXNativeTarget;
			buildConfigurationList = 04BE92341FB1583A00A35523 /* Build configuration list for PBXNativeTarget "talkTekTests" */;
			buildPhases = (
				832FAC0F07807DA7B7F901A1 /* [CP] Check Pods Manifest.lock */,
				04BE92191FB1583900A35523 /* Sources */,
				04BE921A1FB1583900A35523 /* Frameworks */,
				04BE921B1FB1583900A35523 /* Resources */,
				4F421EC70ABCD047C115FF04 /* [CP] Embed Pods Frameworks */,
				FAD84436C58416FE4EBF3B1D /* [CP] Copy Pods Resources */,
			);
			buildRules = (
			);
			dependencies = (
				04BE921F1FB1583900A35523 /* PBXTargetDependency */,
			);
			name = talkTekTests;
			productName = talkTekTests;
			productReference = 04BE921D1FB1583900A35523 /* talkTekTests.xctest */;
			productType = "com.apple.product-type.bundle.unit-test";
		};
		04BE92271FB1583900A35523 /* talkTekUITests */ = {
			isa = PBXNativeTarget;
			buildConfigurationList = 04BE92371FB1583A00A35523 /* Build configuration list for PBXNativeTarget "talkTekUITests" */;
			buildPhases = (
				284DB73366A7947E1817AC24 /* [CP] Check Pods Manifest.lock */,
				04BE92241FB1583900A35523 /* Sources */,
				04BE92251FB1583900A35523 /* Frameworks */,
				04BE92261FB1583900A35523 /* Resources */,
				F8971EAFB8EF395C50040535 /* [CP] Embed Pods Frameworks */,
				02DAA92F4BA14DE4F91945AE /* [CP] Copy Pods Resources */,
			);
			buildRules = (
			);
			dependencies = (
				04BE922A1FB1583900A35523 /* PBXTargetDependency */,
			);
			name = talkTekUITests;
			productName = talkTekUITests;
			productReference = 04BE92281FB1583900A35523 /* talkTekUITests.xctest */;
			productType = "com.apple.product-type.bundle.ui-testing";
		};
/* End PBXNativeTarget section */

/* Begin PBXProject section */
		04BE91FE1FB1583900A35523 /* Project object */ = {
			isa = PBXProject;
			attributes = {
				LastSwiftUpdateCheck = 0900;
				LastUpgradeCheck = 0900;
				ORGANIZATIONNAME = "Talktek Inc.";
				TargetAttributes = {
					04BE92051FB1583900A35523 = {
						CreatedOnToolsVersion = 9.0.1;
						LastSwiftMigration = 0910;
						ProvisioningStyle = Automatic;
						SystemCapabilities = {
							com.apple.ApplePay = {
								enabled = 1;
							};
							com.apple.InAppPurchase = {
								enabled = 0;
							};
						};
					};
					04BE921C1FB1583900A35523 = {
						CreatedOnToolsVersion = 9.0.1;
						ProvisioningStyle = Automatic;
						TestTargetID = 04BE92051FB1583900A35523;
					};
					04BE92271FB1583900A35523 = {
						CreatedOnToolsVersion = 9.0.1;
						ProvisioningStyle = Automatic;
						TestTargetID = 04BE92051FB1583900A35523;
					};
				};
			};
			buildConfigurationList = 04BE92011FB1583900A35523 /* Build configuration list for PBXProject "talkTek" */;
			compatibilityVersion = "Xcode 8.0";
			developmentRegion = en;
			hasScannedForEncodings = 0;
			knownRegions = (
				en,
				Base,
			);
			mainGroup = 04BE91FD1FB1583900A35523;
			productRefGroup = 04BE92071FB1583900A35523 /* Products */;
			projectDirPath = "";
			projectRoot = "";
			targets = (
				04BE92051FB1583900A35523 /* talkTek */,
				04BE921C1FB1583900A35523 /* talkTekTests */,
				04BE92271FB1583900A35523 /* talkTekUITests */,
			);
		};
/* End PBXProject section */

/* Begin PBXResourcesBuildPhase section */
		04BE92041FB1583900A35523 /* Resources */ = {
			isa = PBXResourcesBuildPhase;
			buildActionMask = 2147483647;
			files = (
				046D9BA01FBD2C1600ECDF07 /* .gitignore in Resources */,
				04BE92171FB1583900A35523 /* LaunchScreen.storyboard in Resources */,
				04C40F0A1FB167ED0032912C /* GoogleService-Info.plist in Resources */,
				04BE92141FB1583900A35523 /* Assets.xcassets in Resources */,
				04BE920F1FB1583900A35523 /* Main.storyboard in Resources */,
			);
			runOnlyForDeploymentPostprocessing = 0;
		};
		04BE921B1FB1583900A35523 /* Resources */ = {
			isa = PBXResourcesBuildPhase;
			buildActionMask = 2147483647;
			files = (
			);
			runOnlyForDeploymentPostprocessing = 0;
		};
		04BE92261FB1583900A35523 /* Resources */ = {
			isa = PBXResourcesBuildPhase;
			buildActionMask = 2147483647;
			files = (
			);
			runOnlyForDeploymentPostprocessing = 0;
		};
/* End PBXResourcesBuildPhase section */

/* Begin PBXShellScriptBuildPhase section */
		02DAA92F4BA14DE4F91945AE /* [CP] Copy Pods Resources */ = {
			isa = PBXShellScriptBuildPhase;
			buildActionMask = 2147483647;
			files = (
			);
			inputPaths = (
			);
			name = "[CP] Copy Pods Resources";
			outputPaths = (
			);
			runOnlyForDeploymentPostprocessing = 0;
			shellPath = /bin/sh;
			shellScript = "\"${SRCROOT}/Pods/Target Support Files/Pods-talkTekUITests/Pods-talkTekUITests-resources.sh\"\n";
			showEnvVarsInLog = 0;
		};
		16DC4837A6A99C2BF6D49763 /* [CP] Embed Pods Frameworks */ = {
			isa = PBXShellScriptBuildPhase;
			buildActionMask = 2147483647;
			files = (
			);
			inputPaths = (
				"${SRCROOT}/Pods/Target Support Files/Pods-talkTek/Pods-talkTek-frameworks.sh",
				"${BUILT_PRODUCTS_DIR}/Bolts/Bolts.framework",
				"${BUILT_PRODUCTS_DIR}/Cosmos/Cosmos.framework",
				"${BUILT_PRODUCTS_DIR}/DatePickerCell/DatePickerCell.framework",
				"${BUILT_PRODUCTS_DIR}/FBSDKCoreKit/FBSDKCoreKit.framework",
				"${BUILT_PRODUCTS_DIR}/FBSDKLoginKit/FBSDKLoginKit.framework",
				"${BUILT_PRODUCTS_DIR}/GTMOAuth2/GTMOAuth2.framework",
				"${BUILT_PRODUCTS_DIR}/GTMSessionFetcher/GTMSessionFetcher.framework",
				"${BUILT_PRODUCTS_DIR}/GoogleToolboxForMac/GoogleToolboxForMac.framework",
				"${BUILT_PRODUCTS_DIR}/IQKeyboardManagerSwift/IQKeyboardManagerSwift.framework",
				"${BUILT_PRODUCTS_DIR}/Kingfisher/Kingfisher.framework",
				"${BUILT_PRODUCTS_DIR}/ObjectMapper/ObjectMapper.framework",
				"${BUILT_PRODUCTS_DIR}/TextFieldEffects/TextFieldEffects.framework",
				"${BUILT_PRODUCTS_DIR}/XLPagerTabStrip/XLPagerTabStrip.framework",
				"${BUILT_PRODUCTS_DIR}/leveldb-library/leveldb.framework",
				"${BUILT_PRODUCTS_DIR}/nanopb/nanopb.framework",
			);
			name = "[CP] Embed Pods Frameworks";
			outputPaths = (
				"${TARGET_BUILD_DIR}/${FRAMEWORKS_FOLDER_PATH}/Bolts.framework",
				"${TARGET_BUILD_DIR}/${FRAMEWORKS_FOLDER_PATH}/Cosmos.framework",
				"${TARGET_BUILD_DIR}/${FRAMEWORKS_FOLDER_PATH}/DatePickerCell.framework",
				"${TARGET_BUILD_DIR}/${FRAMEWORKS_FOLDER_PATH}/FBSDKCoreKit.framework",
				"${TARGET_BUILD_DIR}/${FRAMEWORKS_FOLDER_PATH}/FBSDKLoginKit.framework",
				"${TARGET_BUILD_DIR}/${FRAMEWORKS_FOLDER_PATH}/GTMOAuth2.framework",
				"${TARGET_BUILD_DIR}/${FRAMEWORKS_FOLDER_PATH}/GTMSessionFetcher.framework",
				"${TARGET_BUILD_DIR}/${FRAMEWORKS_FOLDER_PATH}/GoogleToolboxForMac.framework",
				"${TARGET_BUILD_DIR}/${FRAMEWORKS_FOLDER_PATH}/IQKeyboardManagerSwift.framework",
				"${TARGET_BUILD_DIR}/${FRAMEWORKS_FOLDER_PATH}/Kingfisher.framework",
				"${TARGET_BUILD_DIR}/${FRAMEWORKS_FOLDER_PATH}/ObjectMapper.framework",
				"${TARGET_BUILD_DIR}/${FRAMEWORKS_FOLDER_PATH}/TextFieldEffects.framework",
				"${TARGET_BUILD_DIR}/${FRAMEWORKS_FOLDER_PATH}/XLPagerTabStrip.framework",
				"${TARGET_BUILD_DIR}/${FRAMEWORKS_FOLDER_PATH}/leveldb.framework",
				"${TARGET_BUILD_DIR}/${FRAMEWORKS_FOLDER_PATH}/nanopb.framework",
			);
			runOnlyForDeploymentPostprocessing = 0;
			shellPath = /bin/sh;
			shellScript = "\"${SRCROOT}/Pods/Target Support Files/Pods-talkTek/Pods-talkTek-frameworks.sh\"\n";
			showEnvVarsInLog = 0;
		};
		284DB73366A7947E1817AC24 /* [CP] Check Pods Manifest.lock */ = {
			isa = PBXShellScriptBuildPhase;
			buildActionMask = 2147483647;
			files = (
			);
			inputPaths = (
				"${PODS_PODFILE_DIR_PATH}/Podfile.lock",
				"${PODS_ROOT}/Manifest.lock",
			);
			name = "[CP] Check Pods Manifest.lock";
			outputPaths = (
				"$(DERIVED_FILE_DIR)/Pods-talkTekUITests-checkManifestLockResult.txt",
			);
			runOnlyForDeploymentPostprocessing = 0;
			shellPath = /bin/sh;
			shellScript = "diff \"${PODS_PODFILE_DIR_PATH}/Podfile.lock\" \"${PODS_ROOT}/Manifest.lock\" > /dev/null\nif [ $? != 0 ] ; then\n    # print error to STDERR\n    echo \"error: The sandbox is not in sync with the Podfile.lock. Run 'pod install' or update your CocoaPods installation.\" >&2\n    exit 1\nfi\n# This output is used by Xcode 'outputs' to avoid re-running this script phase.\necho \"SUCCESS\" > \"${SCRIPT_OUTPUT_FILE_0}\"\n";
			showEnvVarsInLog = 0;
		};
		4F421EC70ABCD047C115FF04 /* [CP] Embed Pods Frameworks */ = {
			isa = PBXShellScriptBuildPhase;
			buildActionMask = 2147483647;
			files = (
			);
			inputPaths = (
			);
			name = "[CP] Embed Pods Frameworks";
			outputPaths = (
			);
			runOnlyForDeploymentPostprocessing = 0;
			shellPath = /bin/sh;
			shellScript = "\"${SRCROOT}/Pods/Target Support Files/Pods-talkTekTests/Pods-talkTekTests-frameworks.sh\"\n";
			showEnvVarsInLog = 0;
		};
		832FAC0F07807DA7B7F901A1 /* [CP] Check Pods Manifest.lock */ = {
			isa = PBXShellScriptBuildPhase;
			buildActionMask = 2147483647;
			files = (
			);
			inputPaths = (
				"${PODS_PODFILE_DIR_PATH}/Podfile.lock",
				"${PODS_ROOT}/Manifest.lock",
			);
			name = "[CP] Check Pods Manifest.lock";
			outputPaths = (
				"$(DERIVED_FILE_DIR)/Pods-talkTekTests-checkManifestLockResult.txt",
			);
			runOnlyForDeploymentPostprocessing = 0;
			shellPath = /bin/sh;
			shellScript = "diff \"${PODS_PODFILE_DIR_PATH}/Podfile.lock\" \"${PODS_ROOT}/Manifest.lock\" > /dev/null\nif [ $? != 0 ] ; then\n    # print error to STDERR\n    echo \"error: The sandbox is not in sync with the Podfile.lock. Run 'pod install' or update your CocoaPods installation.\" >&2\n    exit 1\nfi\n# This output is used by Xcode 'outputs' to avoid re-running this script phase.\necho \"SUCCESS\" > \"${SCRIPT_OUTPUT_FILE_0}\"\n";
			showEnvVarsInLog = 0;
		};
		983B480015B37200C745FDF3 /* [CP] Copy Pods Resources */ = {
			isa = PBXShellScriptBuildPhase;
			buildActionMask = 2147483647;
			files = (
			);
			inputPaths = (
				"${SRCROOT}/Pods/Target Support Files/Pods-talkTek/Pods-talkTek-resources.sh",
				"${PODS_ROOT}/GoogleSignIn/Resources/GoogleSignIn.bundle",
			);
			name = "[CP] Copy Pods Resources";
			outputPaths = (
				"${TARGET_BUILD_DIR}/${UNLOCALIZED_RESOURCES_FOLDER_PATH}",
			);
			runOnlyForDeploymentPostprocessing = 0;
			shellPath = /bin/sh;
			shellScript = "\"${SRCROOT}/Pods/Target Support Files/Pods-talkTek/Pods-talkTek-resources.sh\"\n";
			showEnvVarsInLog = 0;
		};
		CA53FEE2CA4A96F328DD09A8 /* [CP] Check Pods Manifest.lock */ = {
			isa = PBXShellScriptBuildPhase;
			buildActionMask = 2147483647;
			files = (
			);
			inputPaths = (
				"${PODS_PODFILE_DIR_PATH}/Podfile.lock",
				"${PODS_ROOT}/Manifest.lock",
			);
			name = "[CP] Check Pods Manifest.lock";
			outputPaths = (
				"$(DERIVED_FILE_DIR)/Pods-talkTek-checkManifestLockResult.txt",
			);
			runOnlyForDeploymentPostprocessing = 0;
			shellPath = /bin/sh;
			shellScript = "diff \"${PODS_PODFILE_DIR_PATH}/Podfile.lock\" \"${PODS_ROOT}/Manifest.lock\" > /dev/null\nif [ $? != 0 ] ; then\n    # print error to STDERR\n    echo \"error: The sandbox is not in sync with the Podfile.lock. Run 'pod install' or update your CocoaPods installation.\" >&2\n    exit 1\nfi\n# This output is used by Xcode 'outputs' to avoid re-running this script phase.\necho \"SUCCESS\" > \"${SCRIPT_OUTPUT_FILE_0}\"\n";
			showEnvVarsInLog = 0;
		};
		F8971EAFB8EF395C50040535 /* [CP] Embed Pods Frameworks */ = {
			isa = PBXShellScriptBuildPhase;
			buildActionMask = 2147483647;
			files = (
			);
			inputPaths = (
			);
			name = "[CP] Embed Pods Frameworks";
			outputPaths = (
			);
			runOnlyForDeploymentPostprocessing = 0;
			shellPath = /bin/sh;
			shellScript = "\"${SRCROOT}/Pods/Target Support Files/Pods-talkTekUITests/Pods-talkTekUITests-frameworks.sh\"\n";
			showEnvVarsInLog = 0;
		};
		FAD84436C58416FE4EBF3B1D /* [CP] Copy Pods Resources */ = {
			isa = PBXShellScriptBuildPhase;
			buildActionMask = 2147483647;
			files = (
			);
			inputPaths = (
			);
			name = "[CP] Copy Pods Resources";
			outputPaths = (
			);
			runOnlyForDeploymentPostprocessing = 0;
			shellPath = /bin/sh;
			shellScript = "\"${SRCROOT}/Pods/Target Support Files/Pods-talkTekTests/Pods-talkTekTests-resources.sh\"\n";
			showEnvVarsInLog = 0;
		};
/* End PBXShellScriptBuildPhase section */

/* Begin PBXSourcesBuildPhase section */
		04BE92021FB1583900A35523 /* Sources */ = {
			isa = PBXSourcesBuildPhase;
			buildActionMask = 2147483647;
			files = (
				0425ADB21FC40F39008165F1 /* PayCourseViewController.swift in Sources */,
				04402E891FCDA50B00EC95EE /* LawViewController.swift in Sources */,
				04402E851FCDA4EA00EC95EE /* PersonalizedViewController.swift in Sources */,
				048D0D381FD1B276002A2E93 /* IAPProduct.swift in Sources */,
				04445AE71FC6FFCF004D2825 /* CoursesHeartViewController.swift in Sources */,
				04D06AEB1FCA94FF00E1702F /* SettingViewController.swift in Sources */,
				04297B5A1FDEB2DF0096E928 /* SignUpViewController.swift in Sources */,
				044F0BC51FC5D7C600E98E45 /* TeacherInfoTableViewCell.swift in Sources */,
				04445AEB1FC70275004D2825 /* CoursesHeartTableViewCell.swift in Sources */,
				04445AF11FC71453004D2825 /* AudioSectionTableViewCell.swift in Sources */,
				041E3CB91FDD41480035E3A4 /* PlayerViewController.swift in Sources */,
				048D0D3A1FD1B419002A2E93 /* PurchaseMainViewController.swift in Sources */,
				048D0D361FD1B209002A2E93 /* IAPService.swift in Sources */,
				044F0B4E1FC46CB600E98E45 /* CourseDetailViewController.swift in Sources */,
				041E3CB41FDC1B9E0035E3A4 /* HotCollectionViewCell.swift in Sources */,
				04402E831FCDA33E00EC95EE /* SuggestionViewController.swift in Sources */,
				04CFAF381FDECC1E00A94EF6 /* ForgotPasswordViewController.swift in Sources */,
				0425ADB41FC40F44008165F1 /* FreeCourseViewController.swift in Sources */,
				041E3CAD1FDBBB590035E3A4 /* NumberExtension.swift in Sources */,
				047B1D221FE6AA7300853740 /* AudioListViewController.swift in Sources */,
				04BE92121FB1583900A35523 /* talkTek.xcdatamodeld in Sources */,
				0478E61D1FC1726F00DD0169 /* PayCollectionViewCell.swift in Sources */,
				04BE920A1FB1583900A35523 /* AppDelegate.swift in Sources */,
				047B1D241FE6AB1000853740 /* AudioListTableViewCell.swift in Sources */,
				041E3CB21FDBE8DF0035E3A4 /* HotViewController.swift in Sources */,
				0478E6181FC03D5400DD0169 /* UISegmentedControlExtension.swift in Sources */,
				04402E7F1FCDA31A00EC95EE /* PointsCenterViewController.swift in Sources */,
				04E1004D1FD3EF0A0007D4E3 /* Home.swift in Sources */,
				044F0BC71FC5D7E200E98E45 /* CoursesTableViewCell.swift in Sources */,
				04445AE91FC7021A004D2825 /* CoursesBoughtTableViewCell.swift in Sources */,
				041E3CB01FDBDBD40035E3A4 /* HomeParentViewController.swift in Sources */,
				044F0BC11FC5D7A700E98E45 /* MainTableViewCell.swift in Sources */,
				04445AEF1FC713E7004D2825 /* AudioFilesTableViewCell.swift in Sources */,
				04402E7D1FCDA2D400EC95EE /* CouponViewController.swift in Sources */,
				04402E7A1FCDA2AC00EC95EE /* SettingEditViewController.swift in Sources */,
				04337D9E1FC41888001DBF88 /* PayCategoryCell.swift in Sources */,
				0478E5EF1FC0225700DD0169 /* HomeViewController.swift in Sources */,
				04CE1F931FD02990008E1D75 /* MainLogInViewController.swift in Sources */,
				04402E811FCDA33000EC95EE /* BecomeLecturerViewController.swift in Sources */,
				04445AED1FC7035C004D2825 /* CoursesViewController.swift in Sources */,
				044F0BC31FC5D7BA00E98E45 /* CourseInfoTableViewCell.swift in Sources */,
				041E3CAB1FDBBA970035E3A4 /* UIColorExtension.swift in Sources */,
				04297B581FDEB2D10096E928 /* LogInViewController.swift in Sources */,
				04E1004B1FD311270007D4E3 /* Setting.swift in Sources */,
				044EB21E1FD05DC300CE1EBB /* Appdelegate + GoogleSignIn.m in Sources */,
				04445AE51FC6FFB5004D2825 /* CoursesBoughtViewController.swift in Sources */,
				0468EA1B1FE4D3D600F9460B /* Courses.swift in Sources */,
				04402E871FCDA4FB00EC95EE /* AboutViewController.swift in Sources */,
				04402E8B1FCDAED100EC95EE /* SettingMainTableViewCell.swift in Sources */,
				0478E61F1FC1745600DD0169 /* UIImageViewExtension.swift in Sources */,
				04294FCE1FE1573900CB4FCA /* UIImageExtension.swift in Sources */,
			);
			runOnlyForDeploymentPostprocessing = 0;
		};
		04BE92191FB1583900A35523 /* Sources */ = {
			isa = PBXSourcesBuildPhase;
			buildActionMask = 2147483647;
			files = (
				04BE92221FB1583900A35523 /* talkTekTests.swift in Sources */,
			);
			runOnlyForDeploymentPostprocessing = 0;
		};
		04BE92241FB1583900A35523 /* Sources */ = {
			isa = PBXSourcesBuildPhase;
			buildActionMask = 2147483647;
			files = (
				04BE922D1FB1583A00A35523 /* talkTekUITests.swift in Sources */,
			);
			runOnlyForDeploymentPostprocessing = 0;
		};
/* End PBXSourcesBuildPhase section */

/* Begin PBXTargetDependency section */
		04BE921F1FB1583900A35523 /* PBXTargetDependency */ = {
			isa = PBXTargetDependency;
			target = 04BE92051FB1583900A35523 /* talkTek */;
			targetProxy = 04BE921E1FB1583900A35523 /* PBXContainerItemProxy */;
		};
		04BE922A1FB1583900A35523 /* PBXTargetDependency */ = {
			isa = PBXTargetDependency;
			target = 04BE92051FB1583900A35523 /* talkTek */;
			targetProxy = 04BE92291FB1583900A35523 /* PBXContainerItemProxy */;
		};
/* End PBXTargetDependency section */

/* Begin PBXVariantGroup section */
		04BE920D1FB1583900A35523 /* Main.storyboard */ = {
			isa = PBXVariantGroup;
			children = (
				04BE920E1FB1583900A35523 /* Base */,
			);
			name = Main.storyboard;
			sourceTree = "<group>";
		};
		04BE92151FB1583900A35523 /* LaunchScreen.storyboard */ = {
			isa = PBXVariantGroup;
			children = (
				04BE92161FB1583900A35523 /* Base */,
			);
			name = LaunchScreen.storyboard;
			sourceTree = "<group>";
		};
/* End PBXVariantGroup section */

/* Begin XCBuildConfiguration section */
		04BE922F1FB1583A00A35523 /* Debug */ = {
			isa = XCBuildConfiguration;
			buildSettings = {
				ALWAYS_SEARCH_USER_PATHS = NO;
				CLANG_ANALYZER_NONNULL = YES;
				CLANG_ANALYZER_NUMBER_OBJECT_CONVERSION = YES_AGGRESSIVE;
				CLANG_CXX_LANGUAGE_STANDARD = "gnu++14";
				CLANG_CXX_LIBRARY = "libc++";
				CLANG_ENABLE_MODULES = YES;
				CLANG_ENABLE_OBJC_ARC = YES;
				CLANG_WARN_BLOCK_CAPTURE_AUTORELEASING = YES;
				CLANG_WARN_BOOL_CONVERSION = YES;
				CLANG_WARN_COMMA = YES;
				CLANG_WARN_CONSTANT_CONVERSION = YES;
				CLANG_WARN_DIRECT_OBJC_ISA_USAGE = YES_ERROR;
				CLANG_WARN_DOCUMENTATION_COMMENTS = YES;
				CLANG_WARN_EMPTY_BODY = YES;
				CLANG_WARN_ENUM_CONVERSION = YES;
				CLANG_WARN_INFINITE_RECURSION = YES;
				CLANG_WARN_INT_CONVERSION = YES;
				CLANG_WARN_NON_LITERAL_NULL_CONVERSION = YES;
				CLANG_WARN_OBJC_LITERAL_CONVERSION = YES;
				CLANG_WARN_OBJC_ROOT_CLASS = YES_ERROR;
				CLANG_WARN_RANGE_LOOP_ANALYSIS = YES;
				CLANG_WARN_STRICT_PROTOTYPES = YES;
				CLANG_WARN_SUSPICIOUS_MOVE = YES;
				CLANG_WARN_UNGUARDED_AVAILABILITY = YES_AGGRESSIVE;
				CLANG_WARN_UNREACHABLE_CODE = YES;
				CLANG_WARN__DUPLICATE_METHOD_MATCH = YES;
				CODE_SIGN_IDENTITY = "iPhone Developer";
				COPY_PHASE_STRIP = NO;
				DEBUG_INFORMATION_FORMAT = dwarf;
				ENABLE_STRICT_OBJC_MSGSEND = YES;
				ENABLE_TESTABILITY = YES;
				GCC_C_LANGUAGE_STANDARD = gnu11;
				GCC_DYNAMIC_NO_PIC = NO;
				GCC_NO_COMMON_BLOCKS = YES;
				GCC_OPTIMIZATION_LEVEL = 0;
				GCC_PREPROCESSOR_DEFINITIONS = (
					"DEBUG=1",
					"$(inherited)",
				);
				GCC_WARN_64_TO_32_BIT_CONVERSION = YES;
				GCC_WARN_ABOUT_RETURN_TYPE = YES_ERROR;
				GCC_WARN_UNDECLARED_SELECTOR = YES;
				GCC_WARN_UNINITIALIZED_AUTOS = YES_AGGRESSIVE;
				GCC_WARN_UNUSED_FUNCTION = YES;
				GCC_WARN_UNUSED_VARIABLE = YES;
				IPHONEOS_DEPLOYMENT_TARGET = 11.0;
				MTL_ENABLE_DEBUG_INFO = YES;
				ONLY_ACTIVE_ARCH = YES;
				SDKROOT = iphoneos;
				SWIFT_ACTIVE_COMPILATION_CONDITIONS = DEBUG;
				SWIFT_OPTIMIZATION_LEVEL = "-Onone";
			};
			name = Debug;
		};
		04BE92301FB1583A00A35523 /* Release */ = {
			isa = XCBuildConfiguration;
			buildSettings = {
				ALWAYS_SEARCH_USER_PATHS = NO;
				CLANG_ANALYZER_NONNULL = YES;
				CLANG_ANALYZER_NUMBER_OBJECT_CONVERSION = YES_AGGRESSIVE;
				CLANG_CXX_LANGUAGE_STANDARD = "gnu++14";
				CLANG_CXX_LIBRARY = "libc++";
				CLANG_ENABLE_MODULES = YES;
				CLANG_ENABLE_OBJC_ARC = YES;
				CLANG_WARN_BLOCK_CAPTURE_AUTORELEASING = YES;
				CLANG_WARN_BOOL_CONVERSION = YES;
				CLANG_WARN_COMMA = YES;
				CLANG_WARN_CONSTANT_CONVERSION = YES;
				CLANG_WARN_DIRECT_OBJC_ISA_USAGE = YES_ERROR;
				CLANG_WARN_DOCUMENTATION_COMMENTS = YES;
				CLANG_WARN_EMPTY_BODY = YES;
				CLANG_WARN_ENUM_CONVERSION = YES;
				CLANG_WARN_INFINITE_RECURSION = YES;
				CLANG_WARN_INT_CONVERSION = YES;
				CLANG_WARN_NON_LITERAL_NULL_CONVERSION = YES;
				CLANG_WARN_OBJC_LITERAL_CONVERSION = YES;
				CLANG_WARN_OBJC_ROOT_CLASS = YES_ERROR;
				CLANG_WARN_RANGE_LOOP_ANALYSIS = YES;
				CLANG_WARN_STRICT_PROTOTYPES = YES;
				CLANG_WARN_SUSPICIOUS_MOVE = YES;
				CLANG_WARN_UNGUARDED_AVAILABILITY = YES_AGGRESSIVE;
				CLANG_WARN_UNREACHABLE_CODE = YES;
				CLANG_WARN__DUPLICATE_METHOD_MATCH = YES;
				CODE_SIGN_IDENTITY = "iPhone Developer";
				COPY_PHASE_STRIP = NO;
				DEBUG_INFORMATION_FORMAT = "dwarf-with-dsym";
				ENABLE_NS_ASSERTIONS = NO;
				ENABLE_STRICT_OBJC_MSGSEND = YES;
				GCC_C_LANGUAGE_STANDARD = gnu11;
				GCC_NO_COMMON_BLOCKS = YES;
				GCC_WARN_64_TO_32_BIT_CONVERSION = YES;
				GCC_WARN_ABOUT_RETURN_TYPE = YES_ERROR;
				GCC_WARN_UNDECLARED_SELECTOR = YES;
				GCC_WARN_UNINITIALIZED_AUTOS = YES_AGGRESSIVE;
				GCC_WARN_UNUSED_FUNCTION = YES;
				GCC_WARN_UNUSED_VARIABLE = YES;
				IPHONEOS_DEPLOYMENT_TARGET = 11.0;
				MTL_ENABLE_DEBUG_INFO = NO;
				SDKROOT = iphoneos;
				SWIFT_OPTIMIZATION_LEVEL = "-Owholemodule";
				VALIDATE_PRODUCT = YES;
			};
			name = Release;
		};
		04BE92321FB1583A00A35523 /* Debug */ = {
			isa = XCBuildConfiguration;
			baseConfigurationReference = E89B2066A49260620FFE3C18 /* Pods-talkTek.debug.xcconfig */;
			buildSettings = {
				ASSETCATALOG_COMPILER_APPICON_NAME = AppIcon;
				CLANG_ENABLE_MODULES = YES;
				CODE_SIGN_ENTITLEMENTS = talkTek/talkTek.entitlements;
				CODE_SIGN_STYLE = Automatic;
				DEVELOPMENT_TEAM = LPN95EDSG4;
				INFOPLIST_FILE = talkTek/Info.plist;
				IPHONEOS_DEPLOYMENT_TARGET = 11.0;
				LD_RUNPATH_SEARCH_PATHS = "$(inherited) @executable_path/Frameworks";
				PRODUCT_BUNDLE_IDENTIFIER = com.talkTek;
				PRODUCT_NAME = "$(TARGET_NAME)";
				SWIFT_OBJC_BRIDGING_HEADER = "talkTek/Supporting File/Extensions/talkTek-Bridging-Header.h";
				SWIFT_OPTIMIZATION_LEVEL = "-Onone";
				SWIFT_VERSION = 4.0;
				TARGETED_DEVICE_FAMILY = 1;
			};
			name = Debug;
		};
		04BE92331FB1583A00A35523 /* Release */ = {
			isa = XCBuildConfiguration;
			baseConfigurationReference = 9DB2051EA337037B25D69905 /* Pods-talkTek.release.xcconfig */;
			buildSettings = {
				ASSETCATALOG_COMPILER_APPICON_NAME = AppIcon;
				CLANG_ENABLE_MODULES = YES;
				CODE_SIGN_ENTITLEMENTS = talkTek/talkTek.entitlements;
				CODE_SIGN_STYLE = Automatic;
				DEVELOPMENT_TEAM = LPN95EDSG4;
				INFOPLIST_FILE = talkTek/Info.plist;
				IPHONEOS_DEPLOYMENT_TARGET = 11.0;
				LD_RUNPATH_SEARCH_PATHS = "$(inherited) @executable_path/Frameworks";
				PRODUCT_BUNDLE_IDENTIFIER = com.talkTek;
				PRODUCT_NAME = "$(TARGET_NAME)";
				SWIFT_OBJC_BRIDGING_HEADER = "talkTek/Supporting File/Extensions/talkTek-Bridging-Header.h";
				SWIFT_VERSION = 4.0;
				TARGETED_DEVICE_FAMILY = 1;
			};
			name = Release;
		};
		04BE92351FB1583A00A35523 /* Debug */ = {
			isa = XCBuildConfiguration;
			baseConfigurationReference = 7D46998E4577BE8B8D2DB676 /* Pods-talkTekTests.debug.xcconfig */;
			buildSettings = {
				ALWAYS_EMBED_SWIFT_STANDARD_LIBRARIES = YES;
				BUNDLE_LOADER = "$(TEST_HOST)";
				CODE_SIGN_STYLE = Automatic;
				DEVELOPMENT_TEAM = VJGEDW5SA9;
				INFOPLIST_FILE = talkTekTests/Info.plist;
				LD_RUNPATH_SEARCH_PATHS = "$(inherited) @executable_path/Frameworks @loader_path/Frameworks";
				PRODUCT_BUNDLE_IDENTIFIER = com.talkTekTests;
				PRODUCT_NAME = "$(TARGET_NAME)";
				SWIFT_VERSION = 4.0;
				TARGETED_DEVICE_FAMILY = "1,2";
				TEST_HOST = "$(BUILT_PRODUCTS_DIR)/talkTek.app/talkTek";
			};
			name = Debug;
		};
		04BE92361FB1583A00A35523 /* Release */ = {
			isa = XCBuildConfiguration;
			baseConfigurationReference = 256E2B690F6191AA47E176C5 /* Pods-talkTekTests.release.xcconfig */;
			buildSettings = {
				ALWAYS_EMBED_SWIFT_STANDARD_LIBRARIES = YES;
				BUNDLE_LOADER = "$(TEST_HOST)";
				CODE_SIGN_STYLE = Automatic;
				DEVELOPMENT_TEAM = VJGEDW5SA9;
				INFOPLIST_FILE = talkTekTests/Info.plist;
				LD_RUNPATH_SEARCH_PATHS = "$(inherited) @executable_path/Frameworks @loader_path/Frameworks";
				PRODUCT_BUNDLE_IDENTIFIER = com.talkTekTests;
				PRODUCT_NAME = "$(TARGET_NAME)";
				SWIFT_VERSION = 4.0;
				TARGETED_DEVICE_FAMILY = "1,2";
				TEST_HOST = "$(BUILT_PRODUCTS_DIR)/talkTek.app/talkTek";
			};
			name = Release;
		};
		04BE92381FB1583A00A35523 /* Debug */ = {
			isa = XCBuildConfiguration;
			baseConfigurationReference = 5A93F75103A64BCA51FBD5D1 /* Pods-talkTekUITests.debug.xcconfig */;
			buildSettings = {
				ALWAYS_EMBED_SWIFT_STANDARD_LIBRARIES = YES;
				CODE_SIGN_STYLE = Automatic;
				DEVELOPMENT_TEAM = VJGEDW5SA9;
				INFOPLIST_FILE = talkTekUITests/Info.plist;
				LD_RUNPATH_SEARCH_PATHS = "$(inherited) @executable_path/Frameworks @loader_path/Frameworks";
				PRODUCT_BUNDLE_IDENTIFIER = com.talkTekUITests;
				PRODUCT_NAME = "$(TARGET_NAME)";
				SWIFT_VERSION = 4.0;
				TARGETED_DEVICE_FAMILY = "1,2";
				TEST_TARGET_NAME = talkTek;
			};
			name = Debug;
		};
		04BE92391FB1583A00A35523 /* Release */ = {
			isa = XCBuildConfiguration;
			baseConfigurationReference = 5C0F768EEA965821B02376D5 /* Pods-talkTekUITests.release.xcconfig */;
			buildSettings = {
				ALWAYS_EMBED_SWIFT_STANDARD_LIBRARIES = YES;
				CODE_SIGN_STYLE = Automatic;
				DEVELOPMENT_TEAM = VJGEDW5SA9;
				INFOPLIST_FILE = talkTekUITests/Info.plist;
				LD_RUNPATH_SEARCH_PATHS = "$(inherited) @executable_path/Frameworks @loader_path/Frameworks";
				PRODUCT_BUNDLE_IDENTIFIER = com.talkTekUITests;
				PRODUCT_NAME = "$(TARGET_NAME)";
				SWIFT_VERSION = 4.0;
				TARGETED_DEVICE_FAMILY = "1,2";
				TEST_TARGET_NAME = talkTek;
			};
			name = Release;
		};
/* End XCBuildConfiguration section */

/* Begin XCConfigurationList section */
		04BE92011FB1583900A35523 /* Build configuration list for PBXProject "talkTek" */ = {
			isa = XCConfigurationList;
			buildConfigurations = (
				04BE922F1FB1583A00A35523 /* Debug */,
				04BE92301FB1583A00A35523 /* Release */,
			);
			defaultConfigurationIsVisible = 0;
			defaultConfigurationName = Release;
		};
		04BE92311FB1583A00A35523 /* Build configuration list for PBXNativeTarget "talkTek" */ = {
			isa = XCConfigurationList;
			buildConfigurations = (
				04BE92321FB1583A00A35523 /* Debug */,
				04BE92331FB1583A00A35523 /* Release */,
			);
			defaultConfigurationIsVisible = 0;
			defaultConfigurationName = Release;
		};
		04BE92341FB1583A00A35523 /* Build configuration list for PBXNativeTarget "talkTekTests" */ = {
			isa = XCConfigurationList;
			buildConfigurations = (
				04BE92351FB1583A00A35523 /* Debug */,
				04BE92361FB1583A00A35523 /* Release */,
			);
			defaultConfigurationIsVisible = 0;
			defaultConfigurationName = Release;
		};
		04BE92371FB1583A00A35523 /* Build configuration list for PBXNativeTarget "talkTekUITests" */ = {
			isa = XCConfigurationList;
			buildConfigurations = (
				04BE92381FB1583A00A35523 /* Debug */,
				04BE92391FB1583A00A35523 /* Release */,
			);
			defaultConfigurationIsVisible = 0;
			defaultConfigurationName = Release;
		};
/* End XCConfigurationList section */

/* Begin XCVersionGroup section */
		04BE92101FB1583900A35523 /* talkTek.xcdatamodeld */ = {
			isa = XCVersionGroup;
			children = (
				04BE92111FB1583900A35523 /* talkTek.xcdatamodel */,
			);
			currentVersion = 04BE92111FB1583900A35523 /* talkTek.xcdatamodel */;
			path = talkTek.xcdatamodeld;
			sourceTree = "<group>";
			versionGroupType = wrapper.xcdatamodel;
		};
/* End XCVersionGroup section */
	};
	rootObject = 04BE91FE1FB1583900A35523 /* Project object */;
}
